
Microsoft Visual Studio Solution File, Format Version 12.00
# Visual Studio Version 17
VisualStudioVersion = 17.0.31903.59
MinimumVisualStudioVersion = 10.0.40219.1
Project("{2150E333-8FDC-42A3-9474-1A3956D46DE8}") = "src", "src", "{827E0CD3-B72D-47B6-A68D-7590B98EB39B}"
EndProject
Project("{FAE04EC0-301F-11D3-BF4B-00C04F79EFBC}") = "VisioMcp.CLI", "src\VisioMcp.CLI\VisioMcp.CLI.csproj", "{3ACC5AFF-2C15-4546-BDDC-6785C9D79B72}"
EndProject
Project("{2150E333-8FDC-42A3-9474-1A3956D46DE8}") = "tests", "tests", "{0AB3BF05-4346-4AA6-1389-037BE0695223}"
EndProject
Project("{FAE04EC0-301F-11D3-BF4B-00C04F79EFBC}") = "VisioMcp.CLI.Tests", "tests\VisioMcp.CLI.Tests\VisioMcp.CLI.Tests.csproj", "{B1234567-1234-1234-1234-123456789ABC}"
EndProject
Project("{FAE04EC0-301F-11D3-BF4B-00C04F79EFBC}") = "VisioMcp.McpServer.Tests", "tests\VisioMcp.McpServer.Tests\VisioMcp.McpServer.Tests.csproj", "{C2345678-2345-2345-2345-23456789ABCD}"
EndProject
Project("{FAE04EC0-301F-11D3-BF4B-00C04F79EFBC}") = "VisioMcp.Core", "src\VisioMcp.Core\VisioMcp.Core.csproj", "{819048D2-BF4F-4D6C-A7C3-B37869988003}"
EndProject
Project("{FAE04EC0-301F-11D3-BF4B-00C04F79EFBC}") = "VisioMcp.McpServer", "src\VisioMcp.McpServer\VisioMcp.McpServer.csproj", "{C9CF661A-9104-417F-A3EF-F9D5E4D59681}"
EndProject
Project("{FAE04EC0-301F-11D3-BF4B-00C04F79EFBC}") = "VisioMcp.Core.Tests", "tests\VisioMcp.Core.Tests\VisioMcp.Core.Tests.csproj", "{FFEFF3B4-C490-4255-8A47-C1FFA23A97D7}"
EndProject
Project("{FAE04EC0-301F-11D3-BF4B-00C04F79EFBC}") = "VisioMcp.ComInterop", "src\VisioMcp.ComInterop\VisioMcp.ComInterop.csproj", "{022C9DE3-8F8F-4F3F-8F7A-7480932288C3}"
EndProject
Project("{FAE04EC0-301F-11D3-BF4B-00C04F79EFBC}") = "VisioMcp.ComInterop.Tests", "tests\VisioMcp.ComInterop.Tests\VisioMcp.ComInterop.Tests.csproj", "{F5341F98-D6ED-4C71-8F75-676F59AA47B0}"
EndProject
Project("{FAE04EC0-301F-11D3-BF4B-00C04F79EFBC}") = "VisioMcp.Service", "src\VisioMcp.Service\VisioMcp.Service.csproj", "{B0BF99C3-8F91-4E4F-AA2C-23F83FEA9545}"
EndProject
Project("{FAE04EC0-301F-11D3-BF4B-00C04F79EFBC}") = "VisioMcp.Generators", "src\VisioMcp.Generators\VisioMcp.Generators.csproj", "{83F4216E-7E87-457D-9C15-2A95888295B1}"
EndProject
Project("{FAE04EC0-301F-11D3-BF4B-00C04F79EFBC}") = "VisioMcp.Generators.Shared", "src\VisioMcp.Generators.Shared\VisioMcp.Generators.Shared.csproj", "{1ED56112-6292-4C53-8FF8-C58A08CAB917}"
EndProject
Project("{FAE04EC0-301F-11D3-BF4B-00C04F79EFBC}") = "VisioMcp.Generators.Cli", "src\VisioMcp.Generators.Cli\VisioMcp.Generators.Cli.csproj", "{15CAF0EF-0DAA-4F9F-96C0-3FD9A344C1EB}"
EndProject
Project("{FAE04EC0-301F-11D3-BF4B-00C04F79EFBC}") = "VisioMcp.Build.Tasks", "src\VisioMcp.Build.Tasks\VisioMcp.Build.Tasks.csproj", "{CB3952BE-76FE-4CCA-88DF-DE3BB9DE836A}"
EndProject
Project("{FAE04EC0-301F-11D3-BF4B-00C04F79EFBC}") = "VisioMcp.SkillGeneration.Tests", "tests\VisioMcp.SkillGeneration.Tests\VisioMcp.SkillGeneration.Tests.csproj", "{0D116A1B-E515-4C74-B72A-89F9D25AC421}"
EndProject
Project("{FAE04EC0-301F-11D3-BF4B-00C04F79EFBC}") = "VisioMcp.Generators.Mcp", "src\VisioMcp.Generators.Mcp\VisioMcp.Generators.Mcp.csproj", "{4D675883-7474-41DE-9144-5C5E62E92B0B}"
EndProject
Global
	GlobalSection(SolutionConfigurationPlatforms) = preSolution
		Debug|Any CPU = Debug|Any CPU
		Debug|x64 = Debug|x64
		Debug|x86 = Debug|x86
		Release|Any CPU = Release|Any CPU
		Release|x64 = Release|x64
		Release|x86 = Release|x86
	EndGlobalSection
	GlobalSection(ProjectConfigurationPlatforms) = postSolution
		{3ACC5AFF-2C15-4546-BDDC-6785C9D79B72}.Debug|Any CPU.ActiveCfg = Debug|Any CPU
		{3ACC5AFF-2C15-4546-BDDC-6785C9D79B72}.Debug|Any CPU.Build.0 = Debug|Any CPU
		{3ACC5AFF-2C15-4546-BDDC-6785C9D79B72}.Debug|x64.ActiveCfg = Debug|Any CPU
		{3ACC5AFF-2C15-4546-BDDC-6785C9D79B72}.Debug|x64.Build.0 = Debug|Any CPU
		{3ACC5AFF-2C15-4546-BDDC-6785C9D79B72}.Debug|x86.ActiveCfg = Debug|Any CPU
		{3ACC5AFF-2C15-4546-BDDC-6785C9D79B72}.Debug|x86.Build.0 = Debug|Any CPU
		{3ACC5AFF-2C15-4546-BDDC-6785C9D79B72}.Release|Any CPU.ActiveCfg = Release|Any CPU
		{3ACC5AFF-2C15-4546-BDDC-6785C9D79B72}.Release|Any CPU.Build.0 = Release|Any CPU
		{3ACC5AFF-2C15-4546-BDDC-6785C9D79B72}.Release|x64.ActiveCfg = Release|Any CPU
		{3ACC5AFF-2C15-4546-BDDC-6785C9D79B72}.Release|x64.Build.0 = Release|Any CPU
		{3ACC5AFF-2C15-4546-BDDC-6785C9D79B72}.Release|x86.ActiveCfg = Release|Any CPU
		{3ACC5AFF-2C15-4546-BDDC-6785C9D79B72}.Release|x86.Build.0 = Release|Any CPU
		{B1234567-1234-1234-1234-123456789ABC}.Debug|Any CPU.ActiveCfg = Debug|Any CPU
		{B1234567-1234-1234-1234-123456789ABC}.Debug|Any CPU.Build.0 = Debug|Any CPU
		{B1234567-1234-1234-1234-123456789ABC}.Debug|x64.ActiveCfg = Debug|Any CPU
		{B1234567-1234-1234-1234-123456789ABC}.Debug|x64.Build.0 = Debug|Any CPU
		{B1234567-1234-1234-1234-123456789ABC}.Debug|x86.ActiveCfg = Debug|Any CPU
		{B1234567-1234-1234-1234-123456789ABC}.Debug|x86.Build.0 = Debug|Any CPU
		{B1234567-1234-1234-1234-123456789ABC}.Release|Any CPU.ActiveCfg = Release|Any CPU
		{B1234567-1234-1234-1234-123456789ABC}.Release|Any CPU.Build.0 = Release|Any CPU
		{B1234567-1234-1234-1234-123456789ABC}.Release|x64.ActiveCfg = Release|Any CPU
		{B1234567-1234-1234-1234-123456789ABC}.Release|x64.Build.0 = Release|Any CPU
		{B1234567-1234-1234-1234-123456789ABC}.Release|x86.ActiveCfg = Release|Any CPU
		{B1234567-1234-1234-1234-123456789ABC}.Release|x86.Build.0 = Release|Any CPU
		{C2345678-2345-2345-2345-23456789ABCD}.Debug|Any CPU.ActiveCfg = Debug|Any CPU
		{C2345678-2345-2345-2345-23456789ABCD}.Debug|Any CPU.Build.0 = Debug|Any CPU
		{C2345678-2345-2345-2345-23456789ABCD}.Debug|x64.ActiveCfg = Debug|Any CPU
		{C2345678-2345-2345-2345-23456789ABCD}.Debug|x64.Build.0 = Debug|Any CPU
		{C2345678-2345-2345-2345-23456789ABCD}.Debug|x86.ActiveCfg = Debug|Any CPU
		{C2345678-2345-2345-2345-23456789ABCD}.Debug|x86.Build.0 = Debug|Any CPU
		{C2345678-2345-2345-2345-23456789ABCD}.Release|Any CPU.ActiveCfg = Release|Any CPU
		{C2345678-2345-2345-2345-23456789ABCD}.Release|Any CPU.Build.0 = Release|Any CPU
		{C2345678-2345-2345-2345-23456789ABCD}.Release|x64.ActiveCfg = Release|Any CPU
		{C2345678-2345-2345-2345-23456789ABCD}.Release|x64.Build.0 = Release|Any CPU
		{C2345678-2345-2345-2345-23456789ABCD}.Release|x86.ActiveCfg = Release|Any CPU
		{C2345678-2345-2345-2345-23456789ABCD}.Release|x86.Build.0 = Release|Any CPU
		{819048D2-BF4F-4D6C-A7C3-B37869988003}.Debug|Any CPU.ActiveCfg = Debug|Any CPU
		{819048D2-BF4F-4D6C-A7C3-B37869988003}.Debug|Any CPU.Build.0 = Debug|Any CPU
		{819048D2-BF4F-4D6C-A7C3-B37869988003}.Debug|x64.ActiveCfg = Debug|Any CPU
		{819048D2-BF4F-4D6C-A7C3-B37869988003}.Debug|x64.Build.0 = Debug|Any CPU
		{819048D2-BF4F-4D6C-A7C3-B37869988003}.Debug|x86.ActiveCfg = Debug|Any CPU
		{819048D2-BF4F-4D6C-A7C3-B37869988003}.Debug|x86.Build.0 = Debug|Any CPU
		{819048D2-BF4F-4D6C-A7C3-B37869988003}.Release|Any CPU.ActiveCfg = Release|Any CPU
		{819048D2-BF4F-4D6C-A7C3-B37869988003}.Release|Any CPU.Build.0 = Release|Any CPU
		{819048D2-BF4F-4D6C-A7C3-B37869988003}.Release|x64.ActiveCfg = Release|Any CPU
		{819048D2-BF4F-4D6C-A7C3-B37869988003}.Release|x64.Build.0 = Release|Any CPU
		{819048D2-BF4F-4D6C-A7C3-B37869988003}.Release|x86.ActiveCfg = Release|Any CPU
		{819048D2-BF4F-4D6C-A7C3-B37869988003}.Release|x86.Build.0 = Release|Any CPU
		{C9CF661A-9104-417F-A3EF-F9D5E4D59681}.Debug|Any CPU.ActiveCfg = Debug|Any CPU
		{C9CF661A-9104-417F-A3EF-F9D5E4D59681}.Debug|Any CPU.Build.0 = Debug|Any CPU
		{C9CF661A-9104-417F-A3EF-F9D5E4D59681}.Debug|x64.ActiveCfg = Debug|Any CPU
		{C9CF661A-9104-417F-A3EF-F9D5E4D59681}.Debug|x64.Build.0 = Debug|Any CPU
		{C9CF661A-9104-417F-A3EF-F9D5E4D59681}.Debug|x86.ActiveCfg = Debug|Any CPU
		{C9CF661A-9104-417F-A3EF-F9D5E4D59681}.Debug|x86.Build.0 = Debug|Any CPU
		{C9CF661A-9104-417F-A3EF-F9D5E4D59681}.Release|Any CPU.ActiveCfg = Release|Any CPU
		{C9CF661A-9104-417F-A3EF-F9D5E4D59681}.Release|Any CPU.Build.0 = Release|Any CPU
		{C9CF661A-9104-417F-A3EF-F9D5E4D59681}.Release|x64.ActiveCfg = Release|Any CPU
		{C9CF661A-9104-417F-A3EF-F9D5E4D59681}.Release|x64.Build.0 = Release|Any CPU
		{C9CF661A-9104-417F-A3EF-F9D5E4D59681}.Release|x86.ActiveCfg = Release|Any CPU
		{C9CF661A-9104-417F-A3EF-F9D5E4D59681}.Release|x86.Build.0 = Release|Any CPU
		{FFEFF3B4-C490-4255-8A47-C1FFA23A97D7}.Debug|Any CPU.ActiveCfg = Debug|Any CPU
		{FFEFF3B4-C490-4255-8A47-C1FFA23A97D7}.Debug|Any CPU.Build.0 = Debug|Any CPU
		{FFEFF3B4-C490-4255-8A47-C1FFA23A97D7}.Debug|x64.ActiveCfg = Debug|Any CPU
		{FFEFF3B4-C490-4255-8A47-C1FFA23A97D7}.Debug|x64.Build.0 = Debug|Any CPU
		{FFEFF3B4-C490-4255-8A47-C1FFA23A97D7}.Debug|x86.ActiveCfg = Debug|Any CPU
		{FFEFF3B4-C490-4255-8A47-C1FFA23A97D7}.Debug|x86.Build.0 = Debug|Any CPU
		{FFEFF3B4-C490-4255-8A47-C1FFA23A97D7}.Release|Any CPU.ActiveCfg = Release|Any CPU
		{FFEFF3B4-C490-4255-8A47-C1FFA23A97D7}.Release|Any CPU.Build.0 = Release|Any CPU
		{FFEFF3B4-C490-4255-8A47-C1FFA23A97D7}.Release|x64.ActiveCfg = Release|Any CPU
		{FFEFF3B4-C490-4255-8A47-C1FFA23A97D7}.Release|x64.Build.0 = Release|Any CPU
		{FFEFF3B4-C490-4255-8A47-C1FFA23A97D7}.Release|x86.ActiveCfg = Release|Any CPU
		{FFEFF3B4-C490-4255-8A47-C1FFA23A97D7}.Release|x86.Build.0 = Release|Any CPU
		{022C9DE3-8F8F-4F3F-8F7A-7480932288C3}.Debug|Any CPU.ActiveCfg = Debug|Any CPU
		{022C9DE3-8F8F-4F3F-8F7A-7480932288C3}.Debug|Any CPU.Build.0 = Debug|Any CPU
		{022C9DE3-8F8F-4F3F-8F7A-7480932288C3}.Debug|x64.ActiveCfg = Debug|Any CPU
		{022C9DE3-8F8F-4F3F-8F7A-7480932288C3}.Debug|x64.Build.0 = Debug|Any CPU
		{022C9DE3-8F8F-4F3F-8F7A-7480932288C3}.Debug|x86.ActiveCfg = Debug|Any CPU
		{022C9DE3-8F8F-4F3F-8F7A-7480932288C3}.Debug|x86.Build.0 = Debug|Any CPU
		{022C9DE3-8F8F-4F3F-8F7A-7480932288C3}.Release|Any CPU.ActiveCfg = Release|Any CPU
		{022C9DE3-8F8F-4F3F-8F7A-7480932288C3}.Release|Any CPU.Build.0 = Release|Any CPU
		{022C9DE3-8F8F-4F3F-8F7A-7480932288C3}.Release|x64.ActiveCfg = Release|Any CPU
		{022C9DE3-8F8F-4F3F-8F7A-7480932288C3}.Release|x64.Build.0 = Release|Any CPU
		{022C9DE3-8F8F-4F3F-8F7A-7480932288C3}.Release|x86.ActiveCfg = Release|Any CPU
		{022C9DE3-8F8F-4F3F-8F7A-7480932288C3}.Release|x86.Build.0 = Release|Any CPU
		{F5341F98-D6ED-4C71-8F75-676F59AA47B0}.Debug|Any CPU.ActiveCfg = Debug|Any CPU
		{F5341F98-D6ED-4C71-8F75-676F59AA47B0}.Debug|Any CPU.Build.0 = Debug|Any CPU
		{F5341F98-D6ED-4C71-8F75-676F59AA47B0}.Debug|x64.ActiveCfg = Debug|Any CPU
		{F5341F98-D6ED-4C71-8F75-676F59AA47B0}.Debug|x64.Build.0 = Debug|Any CPU
		{F5341F98-D6ED-4C71-8F75-676F59AA47B0}.Debug|x86.ActiveCfg = Debug|Any CPU
		{F5341F98-D6ED-4C71-8F75-676F59AA47B0}.Debug|x86.Build.0 = Debug|Any CPU
		{F5341F98-D6ED-4C71-8F75-676F59AA47B0}.Release|Any CPU.ActiveCfg = Release|Any CPU
		{F5341F98-D6ED-4C71-8F75-676F59AA47B0}.Release|Any CPU.Build.0 = Release|Any CPU
		{F5341F98-D6ED-4C71-8F75-676F59AA47B0}.Release|x64.ActiveCfg = Release|Any CPU
		{F5341F98-D6ED-4C71-8F75-676F59AA47B0}.Release|x64.Build.0 = Release|Any CPU
		{F5341F98-D6ED-4C71-8F75-676F59AA47B0}.Release|x86.ActiveCfg = Release|Any CPU
		{F5341F98-D6ED-4C71-8F75-676F59AA47B0}.Release|x86.Build.0 = Release|Any CPU
		{B0BF99C3-8F91-4E4F-AA2C-23F83FEA9545}.Debug|Any CPU.ActiveCfg = Debug|Any CPU
		{B0BF99C3-8F91-4E4F-AA2C-23F83FEA9545}.Debug|Any CPU.Build.0 = Debug|Any CPU
		{B0BF99C3-8F91-4E4F-AA2C-23F83FEA9545}.Debug|x64.ActiveCfg = Debug|Any CPU
		{B0BF99C3-8F91-4E4F-AA2C-23F83FEA9545}.Debug|x64.Build.0 = Debug|Any CPU
		{B0BF99C3-8F91-4E4F-AA2C-23F83FEA9545}.Debug|x86.ActiveCfg = Debug|Any CPU
		{B0BF99C3-8F91-4E4F-AA2C-23F83FEA9545}.Debug|x86.Build.0 = Debug|Any CPU
		{B0BF99C3-8F91-4E4F-AA2C-23F83FEA9545}.Release|Any CPU.ActiveCfg = Release|Any CPU
		{B0BF99C3-8F91-4E4F-AA2C-23F83FEA9545}.Release|Any CPU.Build.0 = Release|Any CPU
		{B0BF99C3-8F91-4E4F-AA2C-23F83FEA9545}.Release|x64.ActiveCfg = Release|Any CPU
		{B0BF99C3-8F91-4E4F-AA2C-23F83FEA9545}.Release|x64.Build.0 = Release|Any CPU
		{B0BF99C3-8F91-4E4F-AA2C-23F83FEA9545}.Release|x86.ActiveCfg = Release|Any CPU
		{B0BF99C3-8F91-4E4F-AA2C-23F83FEA9545}.Release|x86.Build.0 = Release|Any CPU
		{83F4216E-7E87-457D-9C15-2A95888295B1}.Debug|Any CPU.ActiveCfg = Debug|Any CPU
		{83F4216E-7E87-457D-9C15-2A95888295B1}.Debug|Any CPU.Build.0 = Debug|Any CPU
		{83F4216E-7E87-457D-9C15-2A95888295B1}.Debug|x64.ActiveCfg = Debug|Any CPU
		{83F4216E-7E87-457D-9C15-2A95888295B1}.Debug|x64.Build.0 = Debug|Any CPU
		{83F4216E-7E87-457D-9C15-2A95888295B1}.Debug|x86.ActiveCfg = Debug|Any CPU
		{83F4216E-7E87-457D-9C15-2A95888295B1}.Debug|x86.Build.0 = Debug|Any CPU
		{83F4216E-7E87-457D-9C15-2A95888295B1}.Release|Any CPU.ActiveCfg = Release|Any CPU
		{83F4216E-7E87-457D-9C15-2A95888295B1}.Release|Any CPU.Build.0 = Release|Any CPU
		{83F4216E-7E87-457D-9C15-2A95888295B1}.Release|x64.ActiveCfg = Release|Any CPU
		{83F4216E-7E87-457D-9C15-2A95888295B1}.Release|x64.Build.0 = Release|Any CPU
		{83F4216E-7E87-457D-9C15-2A95888295B1}.Release|x86.ActiveCfg = Release|Any CPU
		{83F4216E-7E87-457D-9C15-2A95888295B1}.Release|x86.Build.0 = Release|Any CPU
		{1ED56112-6292-4C53-8FF8-C58A08CAB917}.Debug|Any CPU.ActiveCfg = Debug|Any CPU
		{1ED56112-6292-4C53-8FF8-C58A08CAB917}.Debug|Any CPU.Build.0 = Debug|Any CPU
		{1ED56112-6292-4C53-8FF8-C58A08CAB917}.Debug|x64.ActiveCfg = Debug|Any CPU
		{1ED56112-6292-4C53-8FF8-C58A08CAB917}.Debug|x64.Build.0 = Debug|Any CPU
		{1ED56112-6292-4C53-8FF8-C58A08CAB917}.Debug|x86.ActiveCfg = Debug|Any CPU
		{1ED56112-6292-4C53-8FF8-C58A08CAB917}.Debug|x86.Build.0 = Debug|Any CPU
		{1ED56112-6292-4C53-8FF8-C58A08CAB917}.Release|Any CPU.ActiveCfg = Release|Any CPU
		{1ED56112-6292-4C53-8FF8-C58A08CAB917}.Release|Any CPU.Build.0 = Release|Any CPU
		{1ED56112-6292-4C53-8FF8-C58A08CAB917}.Release|x64.ActiveCfg = Release|Any CPU
		{1ED56112-6292-4C53-8FF8-C58A08CAB917}.Release|x64.Build.0 = Release|Any CPU
		{1ED56112-6292-4C53-8FF8-C58A08CAB917}.Release|x86.ActiveCfg = Release|Any CPU
		{1ED56112-6292-4C53-8FF8-C58A08CAB917}.Release|x86.Build.0 = Release|Any CPU
		{15CAF0EF-0DAA-4F9F-96C0-3FD9A344C1EB}.Debug|Any CPU.ActiveCfg = Debug|Any CPU
		{15CAF0EF-0DAA-4F9F-96C0-3FD9A344C1EB}.Debug|Any CPU.Build.0 = Debug|Any CPU
		{15CAF0EF-0DAA-4F9F-96C0-3FD9A344C1EB}.Debug|x64.ActiveCfg = Debug|Any CPU
		{15CAF0EF-0DAA-4F9F-96C0-3FD9A344C1EB}.Debug|x64.Build.0 = Debug|Any CPU
		{15CAF0EF-0DAA-4F9F-96C0-3FD9A344C1EB}.Debug|x86.ActiveCfg = Debug|Any CPU
		{15CAF0EF-0DAA-4F9F-96C0-3FD9A344C1EB}.Debug|x86.Build.0 = Debug|Any CPU
		{15CAF0EF-0DAA-4F9F-96C0-3FD9A344C1EB}.Release|Any CPU.ActiveCfg = Release|Any CPU
		{15CAF0EF-0DAA-4F9F-96C0-3FD9A344C1EB}.Release|Any CPU.Build.0 = Release|Any CPU
		{15CAF0EF-0DAA-4F9F-96C0-3FD9A344C1EB}.Release|x64.ActiveCfg = Release|Any CPU
		{15CAF0EF-0DAA-4F9F-96C0-3FD9A344C1EB}.Release|x64.Build.0 = Release|Any CPU
		{15CAF0EF-0DAA-4F9F-96C0-3FD9A344C1EB}.Release|x86.ActiveCfg = Release|Any CPU
		{15CAF0EF-0DAA-4F9F-96C0-3FD9A344C1EB}.Release|x86.Build.0 = Release|Any CPU
		{CB3952BE-76FE-4CCA-88DF-DE3BB9DE836A}.Debug|Any CPU.ActiveCfg = Debug|Any CPU
		{CB3952BE-76FE-4CCA-88DF-DE3BB9DE836A}.Debug|Any CPU.Build.0 = Debug|Any CPU
		{CB3952BE-76FE-4CCA-88DF-DE3BB9DE836A}.Debug|x64.ActiveCfg = Debug|Any CPU
		{CB3952BE-76FE-4CCA-88DF-DE3BB9DE836A}.Debug|x64.Build.0 = Debug|Any CPU
		{CB3952BE-76FE-4CCA-88DF-DE3BB9DE836A}.Debug|x86.ActiveCfg = Debug|Any CPU
		{CB3952BE-76FE-4CCA-88DF-DE3BB9DE836A}.Debug|x86.Build.0 = Debug|Any CPU
		{CB3952BE-76FE-4CCA-88DF-DE3BB9DE836A}.Release|Any CPU.ActiveCfg = Release|Any CPU
		{CB3952BE-76FE-4CCA-88DF-DE3BB9DE836A}.Release|Any CPU.Build.0 = Release|Any CPU
		{CB3952BE-76FE-4CCA-88DF-DE3BB9DE836A}.Release|x64.ActiveCfg = Release|Any CPU
		{CB3952BE-76FE-4CCA-88DF-DE3BB9DE836A}.Release|x64.Build.0 = Release|Any CPU
		{CB3952BE-76FE-4CCA-88DF-DE3BB9DE836A}.Release|x86.ActiveCfg = Release|Any CPU
		{CB3952BE-76FE-4CCA-88DF-DE3BB9DE836A}.Release|x86.Build.0 = Release|Any CPU
		{0D116A1B-E515-4C74-B72A-89F9D25AC421}.Debug|Any CPU.ActiveCfg = Debug|Any CPU
		{0D116A1B-E515-4C74-B72A-89F9D25AC421}.Debug|Any CPU.Build.0 = Debug|Any CPU
		{0D116A1B-E515-4C74-B72A-89F9D25AC421}.Debug|x64.ActiveCfg = Debug|Any CPU
		{0D116A1B-E515-4C74-B72A-89F9D25AC421}.Debug|x64.Build.0 = Debug|Any CPU
		{0D116A1B-E515-4C74-B72A-89F9D25AC421}.Debug|x86.ActiveCfg = Debug|Any CPU
		{0D116A1B-E515-4C74-B72A-89F9D25AC421}.Debug|x86.Build.0 = Debug|Any CPU
		{0D116A1B-E515-4C74-B72A-89F9D25AC421}.Release|Any CPU.ActiveCfg = Release|Any CPU
		{0D116A1B-E515-4C74-B72A-89F9D25AC421}.Release|Any CPU.Build.0 = Release|Any CPU
		{0D116A1B-E515-4C74-B72A-89F9D25AC421}.Release|x64.ActiveCfg = Release|Any CPU
		{0D116A1B-E515-4C74-B72A-89F9D25AC421}.Release|x64.Build.0 = Release|Any CPU
		{0D116A1B-E515-4C74-B72A-89F9D25AC421}.Release|x86.ActiveCfg = Release|Any CPU
		{0D116A1B-E515-4C74-B72A-89F9D25AC421}.Release|x86.Build.0 = Release|Any CPU
		{4D675883-7474-41DE-9144-5C5E62E92B0B}.Debug|Any CPU.ActiveCfg = Debug|Any CPU
		{4D675883-7474-41DE-9144-5C5E62E92B0B}.Debug|Any CPU.Build.0 = Debug|Any CPU
		{4D675883-7474-41DE-9144-5C5E62E92B0B}.Debug|x64.ActiveCfg = Debug|Any CPU
		{4D675883-7474-41DE-9144-5C5E62E92B0B}.Debug|x64.Build.0 = Debug|Any CPU
		{4D675883-7474-41DE-9144-5C5E62E92B0B}.Debug|x86.ActiveCfg = Debug|Any CPU
		{4D675883-7474-41DE-9144-5C5E62E92B0B}.Debug|x86.Build.0 = Debug|Any CPU
		{4D675883-7474-41DE-9144-5C5E62E92B0B}.Release|Any CPU.ActiveCfg = Release|Any CPU
		{4D675883-7474-41DE-9144-5C5E62E92B0B}.Release|Any CPU.Build.0 = Release|Any CPU
		{4D675883-7474-41DE-9144-5C5E62E92B0B}.Release|x64.ActiveCfg = Release|Any CPU
		{4D675883-7474-41DE-9144-5C5E62E92B0B}.Release|x64.Build.0 = Release|Any CPU
		{4D675883-7474-41DE-9144-5C5E62E92B0B}.Release|x86.ActiveCfg = Release|Any CPU
		{4D675883-7474-41DE-9144-5C5E62E92B0B}.Release|x86.Build.0 = Release|Any CPU
	EndGlobalSection
	GlobalSection(SolutionProperties) = preSolution
		HideSolutionNode = FALSE
	EndGlobalSection
	GlobalSection(NestedProjects) = preSolution
		{3ACC5AFF-2C15-4546-BDDC-6785C9D79B72} = {827E0CD3-B72D-47B6-A68D-7590B98EB39B}
		{B1234567-1234-1234-1234-123456789ABC} = {0AB3BF05-4346-4AA6-1389-037BE0695223}
		{C2345678-2345-2345-2345-23456789ABCD} = {0AB3BF05-4346-4AA6-1389-037BE0695223}
		{819048D2-BF4F-4D6C-A7C3-B37869988003} = {827E0CD3-B72D-47B6-A68D-7590B98EB39B}
		{C9CF661A-9104-417F-A3EF-F9D5E4D59681} = {827E0CD3-B72D-47B6-A68D-7590B98EB39B}
		{FFEFF3B4-C490-4255-8A47-C1FFA23A97D7} = {0AB3BF05-4346-4AA6-1389-037BE0695223}
		{022C9DE3-8F8F-4F3F-8F7A-7480932288C3} = {827E0CD3-B72D-47B6-A68D-7590B98EB39B}
		{F5341F98-D6ED-4C71-8F75-676F59AA47B0} = {0AB3BF05-4346-4AA6-1389-037BE0695223}
		{B0BF99C3-8F91-4E4F-AA2C-23F83FEA9545} = {827E0CD3-B72D-47B6-A68D-7590B98EB39B}
		{83F4216E-7E87-457D-9C15-2A95888295B1} = {827E0CD3-B72D-47B6-A68D-7590B98EB39B}
		{1ED56112-6292-4C53-8FF8-C58A08CAB917} = {827E0CD3-B72D-47B6-A68D-7590B98EB39B}
		{15CAF0EF-0DAA-4F9F-96C0-3FD9A344C1EB} = {827E0CD3-B72D-47B6-A68D-7590B98EB39B}
		{CB3952BE-76FE-4CCA-88DF-DE3BB9DE836A} = {827E0CD3-B72D-47B6-A68D-7590B98EB39B}
		{0D116A1B-E515-4C74-B72A-89F9D25AC421} = {0AB3BF05-4346-4AA6-1389-037BE0695223}
		{4D675883-7474-41DE-9144-5C5E62E92B0B} = {827E0CD3-B72D-47B6-A68D-7590B98EB39B}
	EndGlobalSection
EndGlobal
